
Microsoft Visual Studio Solution File, Format Version 12.00
# Visual Studio 14
VisualStudioVersion = 14.0.25420.1
MinimumVisualStudioVersion = 10.0.40219.1
Project("{8BC9CEB8-8B4A-11D0-8D11-00A0C91BC942}") = "SDL2", "SDL2\SDL2.vcxproj", "{AC35D4B2-8AFD-4C45-AFF7-423BD2EF6107}"
EndProject
Project("{8BC9CEB8-8B4A-11D0-8D11-00A0C91BC942}") = "SDL2main", "SDL2main\SDL2main.vcxproj", "{2FA30E73-C767-46EC-BD23-EC3AE3F92ABC}"
EndProject
Project("{8BC9CEB8-8B4A-11D0-8D11-00A0C91BC942}") = "SDL2_image", "SDL2_image\SDL2_image.vcxproj", "{83DBF906-D144-4920-9207-E1038B26C88D}"
	ProjectSection(ProjectDependencies) = postProject
		{AC35D4B2-8AFD-4C45-AFF7-423BD2EF6107} = {AC35D4B2-8AFD-4C45-AFF7-423BD2EF6107}
		{3EDA72B4-0BF1-4D04-ADE4-B6ED77CDB985} = {3EDA72B4-0BF1-4D04-ADE4-B6ED77CDB985}
		{9FA093F1-A096-447A-979A-B9E9D808C82C} = {9FA093F1-A096-447A-979A-B9E9D808C82C}
	EndProjectSection
EndProject
Project("{8BC9CEB8-8B4A-11D0-8D11-00A0C91BC942}") = "native_midi", "native_midi\native_midi.vcxproj", "{B0D5A230-6C44-4216-90A3-78217A1CB6D3}"
EndProject
Project("{8BC9CEB8-8B4A-11D0-8D11-00A0C91BC942}") = "SDL2_mixer", "SDL2_mixer\SDL2_mixer.vcxproj", "{0371E81E-72ED-4AF6-8326-81AD12485B33}"
	ProjectSection(ProjectDependencies) = postProject
		{B0D5A230-6C44-4216-90A3-78217A1CB6D3} = {B0D5A230-6C44-4216-90A3-78217A1CB6D3}
		{AC35D4B2-8AFD-4C45-AFF7-423BD2EF6107} = {AC35D4B2-8AFD-4C45-AFF7-423BD2EF6107}
		{3D8802C1-4B39-4048-8341-871DE451A00B} = {3D8802C1-4B39-4048-8341-871DE451A00B}
	EndProjectSection
EndProject
Project("{8BC9CEB8-8B4A-11D0-8D11-00A0C91BC942}") = "timidity", "timidity\timidity.vcxproj", "{3D8802C1-4B39-4048-8341-871DE451A00B}"
EndProject
Project("{8BC9CEB8-8B4A-11D0-8D11-00A0C91BC942}") = "SDL2_ttf", "SDL2_ttf\SDL2_ttf.vcxproj", "{5730A80F-A173-4F10-BF32-31BFF25BB49A}"
	ProjectSection(ProjectDependencies) = postProject
		{AC35D4B2-8AFD-4C45-AFF7-423BD2EF6107} = {AC35D4B2-8AFD-4C45-AFF7-423BD2EF6107}
		{40019CFF-D32E-4BCF-9831-17F1F15690C5} = {40019CFF-D32E-4BCF-9831-17F1F15690C5}
	EndProjectSection
EndProject
Project("{8BC9CEB8-8B4A-11D0-8D11-00A0C91BC942}") = "libpng", "libpng\libpng.vcxproj", "{9FA093F1-A096-447A-979A-B9E9D808C82C}"
EndProject
Project("{8BC9CEB8-8B4A-11D0-8D11-00A0C91BC942}") = "libzlib", "libzlib\libzlib.vcxproj", "{3EDA72B4-0BF1-4D04-ADE4-B6ED77CDB985}"
EndProject
Project("{8BC9CEB8-8B4A-11D0-8D11-00A0C91BC942}") = "libintl", "libintl\libintl.vcxproj", "{9B25F50D-78FA-4528-BF8E-649C97E035E6}"
EndProject
Project("{8BC9CEB8-8B4A-11D0-8D11-00A0C91BC942}") = "libiconv", "libiconv\libiconv.vcxproj", "{B55B28D0-40C0-4483-B190-441410C66288}"
EndProject
Project("{8BC9CEB8-8B4A-11D0-8D11-00A0C91BC942}") = "libglew", "libglew\libglew.vcxproj", "{4CD167FF-22FC-465B-8DCE-D3B14F4D531E}"
EndProject
Project("{8BC9CEB8-8B4A-11D0-8D11-00A0C91BC942}") = "widelands", "widelands\widelands.vcxproj", "{00A1D8B7-8FDB-44F6-ADE9-CE18860213F4}"
	ProjectSection(ProjectDependencies) = postProject
		{450D7F03-A6A5-4D53-AE25-1841F1BEF6AE} = {450D7F03-A6A5-4D53-AE25-1841F1BEF6AE}
		{83DBF906-D144-4920-9207-E1038B26C88D} = {83DBF906-D144-4920-9207-E1038B26C88D}
		{9B25F50D-78FA-4528-BF8E-649C97E035E6} = {9B25F50D-78FA-4528-BF8E-649C97E035E6}
		{5730A80F-A173-4F10-BF32-31BFF25BB49A} = {5730A80F-A173-4F10-BF32-31BFF25BB49A}
		{0371E81E-72ED-4AF6-8326-81AD12485B33} = {0371E81E-72ED-4AF6-8326-81AD12485B33}
		{2FA30E73-C767-46EC-BD23-EC3AE3F92ABC} = {2FA30E73-C767-46EC-BD23-EC3AE3F92ABC}
		{AC35D4B2-8AFD-4C45-AFF7-423BD2EF6107} = {AC35D4B2-8AFD-4C45-AFF7-423BD2EF6107}
		{3EDA72B4-0BF1-4D04-ADE4-B6ED77CDB985} = {3EDA72B4-0BF1-4D04-ADE4-B6ED77CDB985}
		{B55B28D0-40C0-4483-B190-441410C66288} = {B55B28D0-40C0-4483-B190-441410C66288}
		{9FA093F1-A096-447A-979A-B9E9D808C82C} = {9FA093F1-A096-447A-979A-B9E9D808C82C}
		{4CD167FF-22FC-465B-8DCE-D3B14F4D531E} = {4CD167FF-22FC-465B-8DCE-D3B14F4D531E}
	EndProjectSection
EndProject
Project("{8BC9CEB8-8B4A-11D0-8D11-00A0C91BC942}") = "libwidelands", "libwidelands\libwidelands.vcxproj", "{450D7F03-A6A5-4D53-AE25-1841F1BEF6AE}"
EndProject
Project("{8BC9CEB8-8B4A-11D0-8D11-00A0C91BC942}") = "libfreetype", "libfreetype\libfreetype.vcxproj", "{40019CFF-D32E-4BCF-9831-17F1F15690C5}"
EndProject
Global
	GlobalSection(SolutionConfigurationPlatforms) = preSolution
		Debug|x64 = Debug|x64
		Debug|x86 = Debug|x86
		Release|x64 = Release|x64
		Release|x86 = Release|x86
	EndGlobalSection
	GlobalSection(ProjectConfigurationPlatforms) = postSolution
		{AC35D4B2-8AFD-4C45-AFF7-423BD2EF6107}.Debug|x64.ActiveCfg = Debug|x64
		{AC35D4B2-8AFD-4C45-AFF7-423BD2EF6107}.Debug|x64.Build.0 = Debug|x64
		{AC35D4B2-8AFD-4C45-AFF7-423BD2EF6107}.Debug|x86.ActiveCfg = Debug|Win32
		{AC35D4B2-8AFD-4C45-AFF7-423BD2EF6107}.Debug|x86.Build.0 = Debug|Win32
		{AC35D4B2-8AFD-4C45-AFF7-423BD2EF6107}.Release|x64.ActiveCfg = Release|x64
		{AC35D4B2-8AFD-4C45-AFF7-423BD2EF6107}.Release|x64.Build.0 = Release|x64
		{AC35D4B2-8AFD-4C45-AFF7-423BD2EF6107}.Release|x86.ActiveCfg = Release|Win32
		{AC35D4B2-8AFD-4C45-AFF7-423BD2EF6107}.Release|x86.Build.0 = Release|Win32
		{2FA30E73-C767-46EC-BD23-EC3AE3F92ABC}.Debug|x64.ActiveCfg = Debug|x64
		{2FA30E73-C767-46EC-BD23-EC3AE3F92ABC}.Debug|x64.Build.0 = Debug|x64
		{2FA30E73-C767-46EC-BD23-EC3AE3F92ABC}.Debug|x86.ActiveCfg = Debug|Win32
		{2FA30E73-C767-46EC-BD23-EC3AE3F92ABC}.Debug|x86.Build.0 = Debug|Win32
		{2FA30E73-C767-46EC-BD23-EC3AE3F92ABC}.Release|x64.ActiveCfg = Release|x64
		{2FA30E73-C767-46EC-BD23-EC3AE3F92ABC}.Release|x64.Build.0 = Release|x64
		{2FA30E73-C767-46EC-BD23-EC3AE3F92ABC}.Release|x86.ActiveCfg = Release|Win32
		{2FA30E73-C767-46EC-BD23-EC3AE3F92ABC}.Release|x86.Build.0 = Release|Win32
		{83DBF906-D144-4920-9207-E1038B26C88D}.Debug|x64.ActiveCfg = Debug|x64
		{83DBF906-D144-4920-9207-E1038B26C88D}.Debug|x64.Build.0 = Debug|x64
		{83DBF906-D144-4920-9207-E1038B26C88D}.Debug|x86.ActiveCfg = Debug|Win32
		{83DBF906-D144-4920-9207-E1038B26C88D}.Debug|x86.Build.0 = Debug|Win32
		{83DBF906-D144-4920-9207-E1038B26C88D}.Release|x64.ActiveCfg = Release|x64
		{83DBF906-D144-4920-9207-E1038B26C88D}.Release|x64.Build.0 = Release|x64
		{83DBF906-D144-4920-9207-E1038B26C88D}.Release|x86.ActiveCfg = Release|Win32
		{83DBF906-D144-4920-9207-E1038B26C88D}.Release|x86.Build.0 = Release|Win32
		{B0D5A230-6C44-4216-90A3-78217A1CB6D3}.Debug|x64.ActiveCfg = Debug|x64
		{B0D5A230-6C44-4216-90A3-78217A1CB6D3}.Debug|x64.Build.0 = Debug|x64
		{B0D5A230-6C44-4216-90A3-78217A1CB6D3}.Debug|x86.ActiveCfg = Debug|Win32
		{B0D5A230-6C44-4216-90A3-78217A1CB6D3}.Debug|x86.Build.0 = Debug|Win32
		{B0D5A230-6C44-4216-90A3-78217A1CB6D3}.Release|x64.ActiveCfg = Release|x64
		{B0D5A230-6C44-4216-90A3-78217A1CB6D3}.Release|x64.Build.0 = Release|x64
		{B0D5A230-6C44-4216-90A3-78217A1CB6D3}.Release|x86.ActiveCfg = Release|Win32
		{B0D5A230-6C44-4216-90A3-78217A1CB6D3}.Release|x86.Build.0 = Release|Win32
		{0371E81E-72ED-4AF6-8326-81AD12485B33}.Debug|x64.ActiveCfg = Debug|x64
		{0371E81E-72ED-4AF6-8326-81AD12485B33}.Debug|x64.Build.0 = Debug|x64
		{0371E81E-72ED-4AF6-8326-81AD12485B33}.Debug|x86.ActiveCfg = Debug|Win32
		{0371E81E-72ED-4AF6-8326-81AD12485B33}.Debug|x86.Build.0 = Debug|Win32
		{0371E81E-72ED-4AF6-8326-81AD12485B33}.Release|x64.ActiveCfg = Release|x64
		{0371E81E-72ED-4AF6-8326-81AD12485B33}.Release|x64.Build.0 = Release|x64
		{0371E81E-72ED-4AF6-8326-81AD12485B33}.Release|x86.ActiveCfg = Release|Win32
		{0371E81E-72ED-4AF6-8326-81AD12485B33}.Release|x86.Build.0 = Release|Win32
		{3D8802C1-4B39-4048-8341-871DE451A00B}.Debug|x64.ActiveCfg = Debug|x64
		{3D8802C1-4B39-4048-8341-871DE451A00B}.Debug|x64.Build.0 = Debug|x64
		{3D8802C1-4B39-4048-8341-871DE451A00B}.Debug|x86.ActiveCfg = Debug|Win32
		{3D8802C1-4B39-4048-8341-871DE451A00B}.Debug|x86.Build.0 = Debug|Win32
		{3D8802C1-4B39-4048-8341-871DE451A00B}.Release|x64.ActiveCfg = Release|x64
		{3D8802C1-4B39-4048-8341-871DE451A00B}.Release|x64.Build.0 = Release|x64
		{3D8802C1-4B39-4048-8341-871DE451A00B}.Release|x86.ActiveCfg = Release|Win32
		{3D8802C1-4B39-4048-8341-871DE451A00B}.Release|x86.Build.0 = Release|Win32
		{5730A80F-A173-4F10-BF32-31BFF25BB49A}.Debug|x64.ActiveCfg = Debug|x64
		{5730A80F-A173-4F10-BF32-31BFF25BB49A}.Debug|x64.Build.0 = Debug|x64
		{5730A80F-A173-4F10-BF32-31BFF25BB49A}.Debug|x86.ActiveCfg = Debug|Win32
		{5730A80F-A173-4F10-BF32-31BFF25BB49A}.Debug|x86.Build.0 = Debug|Win32
		{5730A80F-A173-4F10-BF32-31BFF25BB49A}.Release|x64.ActiveCfg = Release|x64
		{5730A80F-A173-4F10-BF32-31BFF25BB49A}.Release|x64.Build.0 = Release|x64
		{5730A80F-A173-4F10-BF32-31BFF25BB49A}.Release|x86.ActiveCfg = Release|Win32
		{5730A80F-A173-4F10-BF32-31BFF25BB49A}.Release|x86.Build.0 = Release|Win32
		{9FA093F1-A096-447A-979A-B9E9D808C82C}.Debug|x64.ActiveCfg = Debug|x64
		{9FA093F1-A096-447A-979A-B9E9D808C82C}.Debug|x64.Build.0 = Debug|x64
		{9FA093F1-A096-447A-979A-B9E9D808C82C}.Debug|x86.ActiveCfg = Debug|Win32
		{9FA093F1-A096-447A-979A-B9E9D808C82C}.Debug|x86.Build.0 = Debug|Win32
		{9FA093F1-A096-447A-979A-B9E9D808C82C}.Release|x64.ActiveCfg = Release|x64
		{9FA093F1-A096-447A-979A-B9E9D808C82C}.Release|x64.Build.0 = Release|x64
		{9FA093F1-A096-447A-979A-B9E9D808C82C}.Release|x86.ActiveCfg = Release|Win32
		{9FA093F1-A096-447A-979A-B9E9D808C82C}.Release|x86.Build.0 = Release|Win32
		{3EDA72B4-0BF1-4D04-ADE4-B6ED77CDB985}.Debug|x64.ActiveCfg = Debug|x64
		{3EDA72B4-0BF1-4D04-ADE4-B6ED77CDB985}.Debug|x64.Build.0 = Debug|x64
		{3EDA72B4-0BF1-4D04-ADE4-B6ED77CDB985}.Debug|x86.ActiveCfg = Debug|Win32
		{3EDA72B4-0BF1-4D04-ADE4-B6ED77CDB985}.Debug|x86.Build.0 = Debug|Win32
		{3EDA72B4-0BF1-4D04-ADE4-B6ED77CDB985}.Release|x64.ActiveCfg = Release|x64
		{3EDA72B4-0BF1-4D04-ADE4-B6ED77CDB985}.Release|x64.Build.0 = Release|x64
		{3EDA72B4-0BF1-4D04-ADE4-B6ED77CDB985}.Release|x86.ActiveCfg = Release|Win32
		{3EDA72B4-0BF1-4D04-ADE4-B6ED77CDB985}.Release|x86.Build.0 = Release|Win32
		{9B25F50D-78FA-4528-BF8E-649C97E035E6}.Debug|x64.ActiveCfg = Debug|x64
		{9B25F50D-78FA-4528-BF8E-649C97E035E6}.Debug|x64.Build.0 = Debug|x64
		{9B25F50D-78FA-4528-BF8E-649C97E035E6}.Debug|x86.ActiveCfg = Debug|Win32
		{9B25F50D-78FA-4528-BF8E-649C97E035E6}.Debug|x86.Build.0 = Debug|Win32
		{9B25F50D-78FA-4528-BF8E-649C97E035E6}.Release|x64.ActiveCfg = Release|x64
		{9B25F50D-78FA-4528-BF8E-649C97E035E6}.Release|x64.Build.0 = Release|x64
		{9B25F50D-78FA-4528-BF8E-649C97E035E6}.Release|x86.ActiveCfg = Release|Win32
		{9B25F50D-78FA-4528-BF8E-649C97E035E6}.Release|x86.Build.0 = Release|Win32
		{B55B28D0-40C0-4483-B190-441410C66288}.Debug|x64.ActiveCfg = Debug|x64
		{B55B28D0-40C0-4483-B190-441410C66288}.Debug|x64.Build.0 = Debug|x64
		{B55B28D0-40C0-4483-B190-441410C66288}.Debug|x86.ActiveCfg = Debug|Win32
		{B55B28D0-40C0-4483-B190-441410C66288}.Debug|x86.Build.0 = Debug|Win32
		{B55B28D0-40C0-4483-B190-441410C66288}.Release|x64.ActiveCfg = Release|x64
		{B55B28D0-40C0-4483-B190-441410C66288}.Release|x64.Build.0 = Release|x64
		{B55B28D0-40C0-4483-B190-441410C66288}.Release|x86.ActiveCfg = Release|Win32
		{B55B28D0-40C0-4483-B190-441410C66288}.Release|x86.Build.0 = Release|Win32
		{4CD167FF-22FC-465B-8DCE-D3B14F4D531E}.Debug|x64.ActiveCfg = Debug|x64
		{4CD167FF-22FC-465B-8DCE-D3B14F4D531E}.Debug|x64.Build.0 = Debug|x64
		{4CD167FF-22FC-465B-8DCE-D3B14F4D531E}.Debug|x86.ActiveCfg = Debug|Win32
		{4CD167FF-22FC-465B-8DCE-D3B14F4D531E}.Debug|x86.Build.0 = Debug|Win32
		{4CD167FF-22FC-465B-8DCE-D3B14F4D531E}.Release|x64.ActiveCfg = Release|x64
		{4CD167FF-22FC-465B-8DCE-D3B14F4D531E}.Release|x64.Build.0 = Release|x64
		{4CD167FF-22FC-465B-8DCE-D3B14F4D531E}.Release|x86.ActiveCfg = Release|Win32
		{4CD167FF-22FC-465B-8DCE-D3B14F4D531E}.Release|x86.Build.0 = Release|Win32
		{00A1D8B7-8FDB-44F6-ADE9-CE18860213F4}.Debug|x64.ActiveCfg = Debug|x64
		{00A1D8B7-8FDB-44F6-ADE9-CE18860213F4}.Debug|x64.Build.0 = Debug|x64
		{00A1D8B7-8FDB-44F6-ADE9-CE18860213F4}.Debug|x86.ActiveCfg = Debug|Win32
		{00A1D8B7-8FDB-44F6-ADE9-CE18860213F4}.Debug|x86.Build.0 = Debug|Win32
		{00A1D8B7-8FDB-44F6-ADE9-CE18860213F4}.Release|x64.ActiveCfg = Release|x64
		{00A1D8B7-8FDB-44F6-ADE9-CE18860213F4}.Release|x64.Build.0 = Release|x64
		{00A1D8B7-8FDB-44F6-ADE9-CE18860213F4}.Release|x86.ActiveCfg = Release|Win32
		{00A1D8B7-8FDB-44F6-ADE9-CE18860213F4}.Release|x86.Build.0 = Release|Win32
		{450D7F03-A6A5-4D53-AE25-1841F1BEF6AE}.Debug|x64.ActiveCfg = Debug|x64
		{450D7F03-A6A5-4D53-AE25-1841F1BEF6AE}.Debug|x64.Build.0 = Debug|x64
		{450D7F03-A6A5-4D53-AE25-1841F1BEF6AE}.Debug|x86.ActiveCfg = Debug|Win32
		{450D7F03-A6A5-4D53-AE25-1841F1BEF6AE}.Debug|x86.Build.0 = Debug|Win32
		{450D7F03-A6A5-4D53-AE25-1841F1BEF6AE}.Release|x64.ActiveCfg = Release|x64
		{450D7F03-A6A5-4D53-AE25-1841F1BEF6AE}.Release|x64.Build.0 = Release|x64
		{450D7F03-A6A5-4D53-AE25-1841F1BEF6AE}.Release|x86.ActiveCfg = Release|Win32
		{450D7F03-A6A5-4D53-AE25-1841F1BEF6AE}.Release|x86.Build.0 = Release|Win32
		{40019CFF-D32E-4BCF-9831-17F1F15690C5}.Debug|x64.ActiveCfg = Debug|x64
		{40019CFF-D32E-4BCF-9831-17F1F15690C5}.Debug|x64.Build.0 = Debug|x64
		{40019CFF-D32E-4BCF-9831-17F1F15690C5}.Debug|x86.ActiveCfg = Debug|Win32
		{40019CFF-D32E-4BCF-9831-17F1F15690C5}.Debug|x86.Build.0 = Debug|Win32
		{40019CFF-D32E-4BCF-9831-17F1F15690C5}.Release|x64.ActiveCfg = Release|x64
		{40019CFF-D32E-4BCF-9831-17F1F15690C5}.Release|x64.Build.0 = Release|x64
		{40019CFF-D32E-4BCF-9831-17F1F15690C5}.Release|x86.ActiveCfg = Release|Win32
		{40019CFF-D32E-4BCF-9831-17F1F15690C5}.Release|x86.Build.0 = Release|Win32
	EndGlobalSection
	GlobalSection(SolutionProperties) = preSolution
		HideSolutionNode = FALSE
	EndGlobalSection
	GlobalSection(ExtensibilityGlobals) = postSolution
		SolutionGuid = {C54A5A56-8C0C-426C-A9F4-06E4CB62E731}
	EndGlobalSection
EndGlobal
